
Microsoft Visual Studio Solution File, Format Version 12.00
# Visual Studio Version 17
VisualStudioVersion = 17.0.31903.59
MinimumVisualStudioVersion = 10.0.40219.1
Project("{FAE04EC0-301F-11D3-BF4B-00C04F79EFBC}") = "MusicXD.Domain", "MusicXD.Domain\MusicXD.Domain.csproj", "{8119C7DC-F45C-4FD6-955C-AF8D7787D0D8}"
EndProject
Project("{FAE04EC0-301F-11D3-BF4B-00C04F79EFBC}") = "MusicXD.Application", "MusicXD.Application\MusicXD.Application.csproj", "{5D164C78-9DB6-4A6D-A382-570D6BCF5A3E}"
EndProject
Project("{FAE04EC0-301F-11D3-BF4B-00C04F79EFBC}") = "MusicXD.Infrastructure", "MusicXD.Infrastructure\MusicXD.Infrastructure.csproj", "{8811EED2-ABAF-4D8E-95E1-819E84E42D3F}"
EndProject
Project("{FAE04EC0-301F-11D3-BF4B-00C04F79EFBC}") = "MusicXD.API", "MusicXD.API\MusicXD.API.csproj", "{F9D7EE3D-89F8-4D1D-99DD-B957C18F59E2}"
EndProject
Global
	GlobalSection(SolutionConfigurationPlatforms) = preSolution
		Debug|Any CPU = Debug|Any CPU
		Release|Any CPU = Release|Any CPU
	EndGlobalSection
	GlobalSection(SolutionProperties) = preSolution
		HideSolutionNode = FALSE
	EndGlobalSection
	GlobalSection(ProjectConfigurationPlatforms) = postSolution
		{8119C7DC-F45C-4FD6-955C-AF8D7787D0D8}.Debug|Any CPU.ActiveCfg = Debug|Any CPU
		{8119C7DC-F45C-4FD6-955C-AF8D7787D0D8}.Debug|Any CPU.Build.0 = Debug|Any CPU
		{8119C7DC-F45C-4FD6-955C-AF8D7787D0D8}.Release|Any CPU.ActiveCfg = Release|Any CPU
		{8119C7DC-F45C-4FD6-955C-AF8D7787D0D8}.Release|Any CPU.Build.0 = Release|Any CPU
		{5D164C78-9DB6-4A6D-A382-570D6BCF5A3E}.Debug|Any CPU.ActiveCfg = Debug|Any CPU
		{5D164C78-9DB6-4A6D-A382-570D6BCF5A3E}.Debug|Any CPU.Build.0 = Debug|Any CPU
		{5D164C78-9DB6-4A6D-A382-570D6BCF5A3E}.Release|Any CPU.ActiveCfg = Release|Any CPU
		{5D164C78-9DB6-4A6D-A382-570D6BCF5A3E}.Release|Any CPU.Build.0 = Release|Any CPU
		{8811EED2-ABAF-4D8E-95E1-819E84E42D3F}.Debug|Any CPU.ActiveCfg = Debug|Any CPU
		{8811EED2-ABAF-4D8E-95E1-819E84E42D3F}.Debug|Any CPU.Build.0 = Debug|Any CPU
		{8811EED2-ABAF-4D8E-95E1-819E84E42D3F}.Release|Any CPU.ActiveCfg = Release|Any CPU
		{8811EED2-ABAF-4D8E-95E1-819E84E42D3F}.Release|Any CPU.Build.0 = Release|Any CPU
		{F9D7EE3D-89F8-4D1D-99DD-B957C18F59E2}.Debug|Any CPU.ActiveCfg = Debug|Any CPU
		{F9D7EE3D-89F8-4D1D-99DD-B957C18F59E2}.Debug|Any CPU.Build.0 = Debug|Any CPU
		{F9D7EE3D-89F8-4D1D-99DD-B957C18F59E2}.Release|Any CPU.ActiveCfg = Release|Any CPU
		{F9D7EE3D-89F8-4D1D-99DD-B957C18F59E2}.Release|Any CPU.Build.0 = Release|Any CPU
	EndGlobalSection
EndGlobal
